
Microsoft Visual Studio Solution File, Format Version 12.00
# Visual Studio 15
VisualStudioVersion = 15.0.28010.2026
MinimumVisualStudioVersion = 10.0.40219.1
Project("{FAE04EC0-301F-11D3-BF4B-00C04F79EFBC}") = "Basic Y2K Example", "ConsoleApp1\Basic Y2K Example.csproj", "{583C620F-586E-4B3B-BA40-BA4AF5E9258A}"
EndProject
Project("{FAE04EC0-301F-11D3-BF4B-00C04F79EFBC}") = "Epoch Example", "ConsoleApp2\Epoch Example.csproj", "{61750758-5486-4444-8FEA-DDB5364337E8}"
EndProject
Project("{FAE04EC0-301F-11D3-BF4B-00C04F79EFBC}") = "GUI 2 digit year", "DesktopApp1\GUI 2 digit year.csproj", "{C7521773-FECE-439F-AD2C-1A83170F61B3}"
EndProject
Project("{FAE04EC0-301F-11D3-BF4B-00C04F79EFBC}") = "GUI 4 digit year", "DesktopApp1 - Copy\GUI 4 digit year.csproj", "{0A0231B8-545D-4DAB-8042-5F1E4D72EB62}"
EndProject
Project("{FAE04EC0-301F-11D3-BF4B-00C04F79EFBC}") = "GUI Library", "DesktopApp1 - Copy (3)\GUI Library.csproj", "{B861428E-BED9-4BC5-AE69-52392E1F6D9C}"
EndProject
Global
	GlobalSection(SolutionConfigurationPlatforms) = preSolution
		Debug|Any CPU = Debug|Any CPU
		Release|Any CPU = Release|Any CPU
	EndGlobalSection
	GlobalSection(ProjectConfigurationPlatforms) = postSolution
		{583C620F-586E-4B3B-BA40-BA4AF5E9258A}.Debug|Any CPU.ActiveCfg = Debug|Any CPU
		{583C620F-586E-4B3B-BA40-BA4AF5E9258A}.Debug|Any CPU.Build.0 = Debug|Any CPU
		{583C620F-586E-4B3B-BA40-BA4AF5E9258A}.Release|Any CPU.ActiveCfg = Release|Any CPU
		{583C620F-586E-4B3B-BA40-BA4AF5E9258A}.Release|Any CPU.Build.0 = Release|Any CPU
		{61750758-5486-4444-8FEA-DDB5364337E8}.Debug|Any CPU.ActiveCfg = Debug|Any CPU
		{61750758-5486-4444-8FEA-DDB5364337E8}.Debug|Any CPU.Build.0 = Debug|Any CPU
		{61750758-5486-4444-8FEA-DDB5364337E8}.Release|Any CPU.ActiveCfg = Release|Any CPU
		{61750758-5486-4444-8FEA-DDB5364337E8}.Release|Any CPU.Build.0 = Release|Any CPU
		{C7521773-FECE-439F-AD2C-1A83170F61B3}.Debug|Any CPU.ActiveCfg = Debug|Any CPU
		{C7521773-FECE-439F-AD2C-1A83170F61B3}.Debug|Any CPU.Build.0 = Debug|Any CPU
		{C7521773-FECE-439F-AD2C-1A83170F61B3}.Release|Any CPU.ActiveCfg = Release|Any CPU
		{C7521773-FECE-439F-AD2C-1A83170F61B3}.Release|Any CPU.Build.0 = Release|Any CPU
		{0A0231B8-545D-4DAB-8042-5F1E4D72EB62}.Debug|Any CPU.ActiveCfg = Debug|Any CPU
		{0A0231B8-545D-4DAB-8042-5F1E4D72EB62}.Debug|Any CPU.Build.0 = Debug|Any CPU
		{0A0231B8-545D-4DAB-8042-5F1E4D72EB62}.Release|Any CPU.ActiveCfg = Release|Any CPU
		{0A0231B8-545D-4DAB-8042-5F1E4D72EB62}.Release|Any CPU.Build.0 = Release|Any CPU
		{B861428E-BED9-4BC5-AE69-52392E1F6D9C}.Debug|Any CPU.ActiveCfg = Debug|Any CPU
		{B861428E-BED9-4BC5-AE69-52392E1F6D9C}.Debug|Any CPU.Build.0 = Debug|Any CPU
		{B861428E-BED9-4BC5-AE69-52392E1F6D9C}.Release|Any CPU.ActiveCfg = Release|Any CPU
		{B861428E-BED9-4BC5-AE69-52392E1F6D9C}.Release|Any CPU.Build.0 = Release|Any CPU
	EndGlobalSection
	GlobalSection(SolutionProperties) = preSolution
		HideSolutionNode = FALSE
	EndGlobalSection
	GlobalSection(ExtensibilityGlobals) = postSolution
		SolutionGuid = {6D5E5647-B62B-4389-9264-B41DCA4A6694}
	EndGlobalSection
EndGlobal
